
Microsoft Visual Studio Solution File, Format Version 12.00
# Visual Studio 15
VisualStudioVersion = 15.0.26228.9
MinimumVisualStudioVersion = 10.0.40219.1
Project("{FAE04EC0-301F-11D3-BF4B-00C04F79EFBC}") = "BuckSoft.Controls.FtpBrowseDialog", "BuckSoft.Controls.FtpBrowseDialog\BuckSoft.Controls.FtpBrowseDialog.csproj", "{C6122999-CB33-464B-9D10-86FFAB7B09F9}"
EndProject
Project("{FAE04EC0-301F-11D3-BF4B-00C04F79EFBC}") = "TestApp", "TestApp\TestApp.csproj", "{06DFC5BF-7710-4E14-B970-485A797E800F}"
EndProject
Global
	GlobalSection(SolutionConfigurationPlatforms) = preSolution
		Debug|Any CPU = Debug|Any CPU
		Release|Any CPU = Release|Any CPU
	EndGlobalSection
	GlobalSection(ProjectConfigurationPlatforms) = postSolution
		{C6122999-CB33-464B-9D10-86FFAB7B09F9}.Debug|Any CPU.ActiveCfg = Debug|Any CPU
		{C6122999-CB33-464B-9D10-86FFAB7B09F9}.Debug|Any CPU.Build.0 = Debug|Any CPU
		{C6122999-CB33-464B-9D10-86FFAB7B09F9}.Release|Any CPU.ActiveCfg = Release|Any CPU
		{C6122999-CB33-464B-9D10-86FFAB7B09F9}.Release|Any CPU.Build.0 = Release|Any CPU
		{06DFC5BF-7710-4E14-B970-485A797E800F}.Debug|Any CPU.ActiveCfg = Debug|Any CPU
		{06DFC5BF-7710-4E14-B970-485A797E800F}.Debug|Any CPU.Build.0 = Debug|Any CPU
		{06DFC5BF-7710-4E14-B970-485A797E800F}.Release|Any CPU.ActiveCfg = Release|Any CPU
		{06DFC5BF-7710-4E14-B970-485A797E800F}.Release|Any CPU.Build.0 = Release|Any CPU
	EndGlobalSection
	GlobalSection(SolutionProperties) = preSolution
		HideSolutionNode = FALSE
	EndGlobalSection
EndGlobal
